// !$*UTF8*$!
{
	archiveVersion = 1;
	classes = {
	};
	objectVersion = 48;
	objects = {

/* Begin PBXBuildFile section */
		29393D2320E3D546004EBEA6 /* AppDelegate.swift in Sources */ = {isa = PBXBuildFile; fileRef = 29393D2220E3D546004EBEA6 /* AppDelegate.swift */; };
		29393D2520E3D546004EBEA6 /* ViewController.swift in Sources */ = {isa = PBXBuildFile; fileRef = 29393D2420E3D546004EBEA6 /* ViewController.swift */; };
		29393D2820E3D546004EBEA6 /* Main.storyboard in Resources */ = {isa = PBXBuildFile; fileRef = 29393D2620E3D546004EBEA6 /* Main.storyboard */; };
		29393D2A20E3D546004EBEA6 /* Assets.xcassets in Resources */ = {isa = PBXBuildFile; fileRef = 29393D2920E3D546004EBEA6 /* Assets.xcassets */; };
		29393D2D20E3D546004EBEA6 /* LaunchScreen.storyboard in Resources */ = {isa = PBXBuildFile; fileRef = 29393D2B20E3D546004EBEA6 /* LaunchScreen.storyboard */; };
		29393D3C20E3D924004EBEA6 /* BuildConfig.generated.swift in Sources */ = {isa = PBXBuildFile; fileRef = 29393D3B20E3D924004EBEA6 /* BuildConfig.generated.swift */; };
		40CB4477E207518B4827BDB1 /* Pods_MovieDB.framework in Frameworks */ = {isa = PBXBuildFile; fileRef = BBC43E27315BBC2E9BFBF1A6 /* Pods_MovieDB.framework */; };
/* End PBXBuildFile section */

/* Begin PBXFileReference section */
		1D180ECFAD054CB55B674FA3 /* Pods-MovieDB.debug.xcconfig */ = {isa = PBXFileReference; includeInIndex = 1; lastKnownFileType = text.xcconfig; name = "Pods-MovieDB.debug.xcconfig"; path = "Pods/Target Support Files/Pods-MovieDB/Pods-MovieDB.debug.xcconfig"; sourceTree = "<group>"; };
		29393D1F20E3D546004EBEA6 /* MovieDB.app */ = {isa = PBXFileReference; explicitFileType = wrapper.application; includeInIndex = 0; path = MovieDB.app; sourceTree = BUILT_PRODUCTS_DIR; };
		29393D2220E3D546004EBEA6 /* AppDelegate.swift */ = {isa = PBXFileReference; lastKnownFileType = sourcecode.swift; path = AppDelegate.swift; sourceTree = "<group>"; };
		29393D2420E3D546004EBEA6 /* ViewController.swift */ = {isa = PBXFileReference; lastKnownFileType = sourcecode.swift; path = ViewController.swift; sourceTree = "<group>"; };
		29393D2720E3D546004EBEA6 /* Base */ = {isa = PBXFileReference; lastKnownFileType = file.storyboard; name = Base; path = Base.lproj/Main.storyboard; sourceTree = "<group>"; };
		29393D2920E3D546004EBEA6 /* Assets.xcassets */ = {isa = PBXFileReference; lastKnownFileType = folder.assetcatalog; path = Assets.xcassets; sourceTree = "<group>"; };
		29393D2C20E3D546004EBEA6 /* Base */ = {isa = PBXFileReference; lastKnownFileType = file.storyboard; name = Base; path = Base.lproj/LaunchScreen.storyboard; sourceTree = "<group>"; };
		29393D2E20E3D546004EBEA6 /* Info.plist */ = {isa = PBXFileReference; lastKnownFileType = text.plist.xml; path = Info.plist; sourceTree = "<group>"; };
		29393D3520E3D5B2004EBEA6 /* MovieDB.debug.xcconfig */ = {isa = PBXFileReference; lastKnownFileType = text.xcconfig; path = MovieDB.debug.xcconfig; sourceTree = "<group>"; };
		29393D3820E3D636004EBEA6 /* MovieDB.release.xcconfig */ = {isa = PBXFileReference; lastKnownFileType = text.xcconfig; path = MovieDB.release.xcconfig; sourceTree = "<group>"; };
		29393D3920E3D74B004EBEA6 /* BuildConfig.sh */ = {isa = PBXFileReference; lastKnownFileType = text.script.sh; path = BuildConfig.sh; sourceTree = "<group>"; };
		29393D3B20E3D924004EBEA6 /* BuildConfig.generated.swift */ = {isa = PBXFileReference; fileEncoding = 4; lastKnownFileType = sourcecode.swift; path = BuildConfig.generated.swift; sourceTree = "<group>"; };
		359795A79B5EA781D1795C84 /* Pods-MovieDB.release.xcconfig */ = {isa = PBXFileReference; includeInIndex = 1; lastKnownFileType = text.xcconfig; name = "Pods-MovieDB.release.xcconfig"; path = "Pods/Target Support Files/Pods-MovieDB/Pods-MovieDB.release.xcconfig"; sourceTree = "<group>"; };
		BBC43E27315BBC2E9BFBF1A6 /* Pods_MovieDB.framework */ = {isa = PBXFileReference; explicitFileType = wrapper.framework; includeInIndex = 0; path = Pods_MovieDB.framework; sourceTree = BUILT_PRODUCTS_DIR; };
/* End PBXFileReference section */

/* Begin PBXFrameworksBuildPhase section */
		29393D1C20E3D546004EBEA6 /* Frameworks */ = {
			isa = PBXFrameworksBuildPhase;
			buildActionMask = 2147483647;
			files = (
				40CB4477E207518B4827BDB1 /* Pods_MovieDB.framework in Frameworks */,
			);
			runOnlyForDeploymentPostprocessing = 0;
		};
/* End PBXFrameworksBuildPhase section */

/* Begin PBXGroup section */
		29393D1620E3D546004EBEA6 = {
			isa = PBXGroup;
			children = (
				29393D3420E3D598004EBEA6 /* BuildConfigs */,
				29393D2120E3D546004EBEA6 /* MovieDB */,
				29393D2020E3D546004EBEA6 /* Products */,
				35B85CDCB23793720062407A /* Pods */,
				A835C5B90D59C5D2BBF68E6D /* Frameworks */,
			);
			sourceTree = "<group>";
		};
		29393D2020E3D546004EBEA6 /* Products */ = {
			isa = PBXGroup;
			children = (
				29393D1F20E3D546004EBEA6 /* MovieDB.app */,
			);
			name = Products;
			sourceTree = "<group>";
		};
		29393D2120E3D546004EBEA6 /* MovieDB */ = {
			isa = PBXGroup;
			children = (
				29393D3B20E3D924004EBEA6 /* BuildConfig.generated.swift */,
				29393D2220E3D546004EBEA6 /* AppDelegate.swift */,
				29393D2420E3D546004EBEA6 /* ViewController.swift */,
				29393D2620E3D546004EBEA6 /* Main.storyboard */,
				29393D2920E3D546004EBEA6 /* Assets.xcassets */,
				29393D2B20E3D546004EBEA6 /* LaunchScreen.storyboard */,
				29393D2E20E3D546004EBEA6 /* Info.plist */,
			);
			path = MovieDB;
			sourceTree = "<group>";
		};
		29393D3420E3D598004EBEA6 /* BuildConfigs */ = {
			isa = PBXGroup;
			children = (
				29393D3520E3D5B2004EBEA6 /* MovieDB.debug.xcconfig */,
				29393D3820E3D636004EBEA6 /* MovieDB.release.xcconfig */,
				29393D3920E3D74B004EBEA6 /* BuildConfig.sh */,
			);
			path = BuildConfigs;
			sourceTree = "<group>";
		};
		35B85CDCB23793720062407A /* Pods */ = {
			isa = PBXGroup;
			children = (
				1D180ECFAD054CB55B674FA3 /* Pods-MovieDB.debug.xcconfig */,
				359795A79B5EA781D1795C84 /* Pods-MovieDB.release.xcconfig */,
			);
			name = Pods;
			sourceTree = "<group>";
		};
		A835C5B90D59C5D2BBF68E6D /* Frameworks */ = {
			isa = PBXGroup;
			children = (
				BBC43E27315BBC2E9BFBF1A6 /* Pods_MovieDB.framework */,
			);
			name = Frameworks;
			sourceTree = "<group>";
		};
/* End PBXGroup section */

/* Begin PBXNativeTarget section */
		29393D1E20E3D546004EBEA6 /* MovieDB */ = {
			isa = PBXNativeTarget;
			buildConfigurationList = 29393D3120E3D546004EBEA6 /* Build configuration list for PBXNativeTarget "MovieDB" */;
			buildPhases = (
				76D7C9134D3BB950F11D399C /* [CP] Check Pods Manifest.lock */,
				29393D3A20E3D763004EBEA6 /* BuildConfig */,
				29393D1B20E3D546004EBEA6 /* Sources */,
				29393D1C20E3D546004EBEA6 /* Frameworks */,
				29393D1D20E3D546004EBEA6 /* Resources */,
			);
			buildRules = (
			);
			dependencies = (
			);
			name = MovieDB;
			productName = MovieDB;
			productReference = 29393D1F20E3D546004EBEA6 /* MovieDB.app */;
			productType = "com.apple.product-type.application";
		};
/* End PBXNativeTarget section */

/* Begin PBXProject section */
		29393D1720E3D546004EBEA6 /* Project object */ = {
			isa = PBXProject;
			attributes = {
				LastSwiftUpdateCheck = 0920;
				LastUpgradeCheck = 0920;
				ORGANIZATIONNAME = shah;
				TargetAttributes = {
					29393D1E20E3D546004EBEA6 = {
						CreatedOnToolsVersion = 9.2;
						ProvisioningStyle = Automatic;
					};
				};
			};
			buildConfigurationList = 29393D1A20E3D546004EBEA6 /* Build configuration list for PBXProject "MovieDB" */;
			compatibilityVersion = "Xcode 8.0";
			developmentRegion = en;
			hasScannedForEncodings = 0;
			knownRegions = (
				en,
				Base,
			);
			mainGroup = 29393D1620E3D546004EBEA6;
			productRefGroup = 29393D2020E3D546004EBEA6 /* Products */;
			projectDirPath = "";
			projectRoot = "";
			targets = (
				29393D1E20E3D546004EBEA6 /* MovieDB */,
			);
		};
/* End PBXProject section */

/* Begin PBXResourcesBuildPhase section */
		29393D1D20E3D546004EBEA6 /* Resources */ = {
			isa = PBXResourcesBuildPhase;
			buildActionMask = 2147483647;
			files = (
				29393D2D20E3D546004EBEA6 /* LaunchScreen.storyboard in Resources */,
				29393D2A20E3D546004EBEA6 /* Assets.xcassets in Resources */,
				29393D2820E3D546004EBEA6 /* Main.storyboard in Resources */,
			);
			runOnlyForDeploymentPostprocessing = 0;
		};
/* End PBXResourcesBuildPhase section */

/* Begin PBXShellScriptBuildPhase section */
		29393D3A20E3D763004EBEA6 /* BuildConfig */ = {
			isa = PBXShellScriptBuildPhase;
			buildActionMask = 2147483647;
			files = (
			);
			inputPaths = (
			);
			name = BuildConfig;
			outputPaths = (
			);
			runOnlyForDeploymentPostprocessing = 0;
			shellPath = /bin/sh;
			shellScript = "\"$PROJECT_DIR/BuildConfigs/BuildConfig.sh\" > \"${PROJECT_DIR}/MovieDB/BuildConfig.generated.swift\"";
		};
		76D7C9134D3BB950F11D399C /* [CP] Check Pods Manifest.lock */ = {
			isa = PBXShellScriptBuildPhase;
			buildActionMask = 2147483647;
			files = (
			);
			inputPaths = (
				"${PODS_PODFILE_DIR_PATH}/Podfile.lock",
				"${PODS_ROOT}/Manifest.lock",
			);
			name = "[CP] Check Pods Manifest.lock";
			outputPaths = (
				"$(DERIVED_FILE_DIR)/Pods-MovieDB-checkManifestLockResult.txt",
			);
			runOnlyForDeploymentPostprocessing = 0;
			shellPath = /bin/sh;
			shellScript = "diff \"${PODS_PODFILE_DIR_PATH}/Podfile.lock\" \"${PODS_ROOT}/Manifest.lock\" > /dev/null\nif [ $? != 0 ] ; then\n    # print error to STDERR\n    echo \"error: The sandbox is not in sync with the Podfile.lock. Run 'pod install' or update your CocoaPods installation.\" >&2\n    exit 1\nfi\n# This output is used by Xcode 'outputs' to avoid re-running this script phase.\necho \"SUCCESS\" > \"${SCRIPT_OUTPUT_FILE_0}\"\n";
			showEnvVarsInLog = 0;
		};
/* End PBXShellScriptBuildPhase section */

/* Begin PBXSourcesBuildPhase section */
		29393D1B20E3D546004EBEA6 /* Sources */ = {
			isa = PBXSourcesBuildPhase;
			buildActionMask = 2147483647;
			files = (
				29393D2520E3D546004EBEA6 /* ViewController.swift in Sources */,
				29393D3C20E3D924004EBEA6 /* BuildConfig.generated.swift in Sources */,
				29393D2320E3D546004EBEA6 /* AppDelegate.swift in Sources */,
			);
			runOnlyForDeploymentPostprocessing = 0;
		};
/* End PBXSourcesBuildPhase section */

/* Begin PBXVariantGroup section */
		29393D2620E3D546004EBEA6 /* Main.storyboard */ = {
			isa = PBXVariantGroup;
			children = (
				29393D2720E3D546004EBEA6 /* Base */,
			);
			name = Main.storyboard;
			sourceTree = "<group>";
		};
		29393D2B20E3D546004EBEA6 /* LaunchScreen.storyboard */ = {
			isa = PBXVariantGroup;
			children = (
				29393D2C20E3D546004EBEA6 /* Base */,
			);
			name = LaunchScreen.storyboard;
			sourceTree = "<group>";
		};
/* End PBXVariantGroup section */

/* Begin XCBuildConfiguration section */
		29393D2F20E3D546004EBEA6 /* Debug */ = {
			isa = XCBuildConfiguration;
			buildSettings = {
				ALWAYS_SEARCH_USER_PATHS = NO;
				CLANG_ANALYZER_NONNULL = YES;
				CLANG_ANALYZER_NUMBER_OBJECT_CONVERSION = YES_AGGRESSIVE;
				CLANG_CXX_LANGUAGE_STANDARD = "gnu++14";
				CLANG_CXX_LIBRARY = "libc++";
				CLANG_ENABLE_MODULES = YES;
				CLANG_ENABLE_OBJC_ARC = YES;
				CLANG_WARN_BLOCK_CAPTURE_AUTORELEASING = YES;
				CLANG_WARN_BOOL_CONVERSION = YES;
				CLANG_WARN_COMMA = YES;
				CLANG_WARN_CONSTANT_CONVERSION = YES;
				CLANG_WARN_DIRECT_OBJC_ISA_USAGE = YES_ERROR;
				CLANG_WARN_DOCUMENTATION_COMMENTS = YES;
				CLANG_WARN_EMPTY_BODY = YES;
				CLANG_WARN_ENUM_CONVERSION = YES;
				CLANG_WARN_INFINITE_RECURSION = YES;
				CLANG_WARN_INT_CONVERSION = YES;
				CLANG_WARN_NON_LITERAL_NULL_CONVERSION = YES;
				CLANG_WARN_OBJC_LITERAL_CONVERSION = YES;
				CLANG_WARN_OBJC_ROOT_CLASS = YES_ERROR;
				CLANG_WARN_RANGE_LOOP_ANALYSIS = YES;
				CLANG_WARN_STRICT_PROTOTYPES = YES;
				CLANG_WARN_SUSPICIOUS_MOVE = YES;
				CLANG_WARN_UNGUARDED_AVAILABILITY = YES_AGGRESSIVE;
				CLANG_WARN_UNREACHABLE_CODE = YES;
				CLANG_WARN__DUPLICATE_METHOD_MATCH = YES;
				CODE_SIGN_IDENTITY = "iPhone Developer";
				COPY_PHASE_STRIP = NO;
				DEBUG_INFORMATION_FORMAT = dwarf;
				ENABLE_STRICT_OBJC_MSGSEND = YES;
				ENABLE_TESTABILITY = YES;
				GCC_C_LANGUAGE_STANDARD = gnu11;
				GCC_DYNAMIC_NO_PIC = NO;
				GCC_NO_COMMON_BLOCKS = YES;
				GCC_OPTIMIZATION_LEVEL = 0;
				GCC_PREPROCESSOR_DEFINITIONS = (
					"DEBUG=1",
					"$(inherited)",
				);
				GCC_WARN_64_TO_32_BIT_CONVERSION = YES;
				GCC_WARN_ABOUT_RETURN_TYPE = YES_ERROR;
				GCC_WARN_UNDECLARED_SELECTOR = YES;
				GCC_WARN_UNINITIALIZED_AUTOS = YES_AGGRESSIVE;
				GCC_WARN_UNUSED_FUNCTION = YES;
				GCC_WARN_UNUSED_VARIABLE = YES;
				IPHONEOS_DEPLOYMENT_TARGET = 11.2;
				MTL_ENABLE_DEBUG_INFO = YES;
				ONLY_ACTIVE_ARCH = YES;
				SDKROOT = iphoneos;
				SWIFT_ACTIVE_COMPILATION_CONDITIONS = DEBUG;
				SWIFT_OPTIMIZATION_LEVEL = "-Onone";
			};
			name = Debug;
		};
		29393D3020E3D546004EBEA6 /* Release */ = {
			isa = XCBuildConfiguration;
			buildSettings = {
				ALWAYS_SEARCH_USER_PATHS = NO;
				CLANG_ANALYZER_NONNULL = YES;
				CLANG_ANALYZER_NUMBER_OBJECT_CONVERSION = YES_AGGRESSIVE;
				CLANG_CXX_LANGUAGE_STANDARD = "gnu++14";
				CLANG_CXX_LIBRARY = "libc++";
				CLANG_ENABLE_MODULES = YES;
				CLANG_ENABLE_OBJC_ARC = YES;
				CLANG_WARN_BLOCK_CAPTURE_AUTORELEASING = YES;
				CLANG_WARN_BOOL_CONVERSION = YES;
				CLANG_WARN_COMMA = YES;
				CLANG_WARN_CONSTANT_CONVERSION = YES;
				CLANG_WARN_DIRECT_OBJC_ISA_USAGE = YES_ERROR;
				CLANG_WARN_DOCUMENTATION_COMMENTS = YES;
				CLANG_WARN_EMPTY_BODY = YES;
				CLANG_WARN_ENUM_CONVERSION = YES;
				CLANG_WARN_INFINITE_RECURSION = YES;
				CLANG_WARN_INT_CONVERSION = YES;
				CLANG_WARN_NON_LITERAL_NULL_CONVERSION = YES;
				CLANG_WARN_OBJC_LITERAL_CONVERSION = YES;
				CLANG_WARN_OBJC_ROOT_CLASS = YES_ERROR;
				CLANG_WARN_RANGE_LOOP_ANALYSIS = YES;
				CLANG_WARN_STRICT_PROTOTYPES = YES;
				CLANG_WARN_SUSPICIOUS_MOVE = YES;
				CLANG_WARN_UNGUARDED_AVAILABILITY = YES_AGGRESSIVE;
				CLANG_WARN_UNREACHABLE_CODE = YES;
				CLANG_WARN__DUPLICATE_METHOD_MATCH = YES;
				CODE_SIGN_IDENTITY = "iPhone Developer";
				COPY_PHASE_STRIP = NO;
				DEBUG_INFORMATION_FORMAT = "dwarf-with-dsym";
				ENABLE_NS_ASSERTIONS = NO;
				ENABLE_STRICT_OBJC_MSGSEND = YES;
				GCC_C_LANGUAGE_STANDARD = gnu11;
				GCC_NO_COMMON_BLOCKS = YES;
				GCC_WARN_64_TO_32_BIT_CONVERSION = YES;
				GCC_WARN_ABOUT_RETURN_TYPE = YES_ERROR;
				GCC_WARN_UNDECLARED_SELECTOR = YES;
				GCC_WARN_UNINITIALIZED_AUTOS = YES_AGGRESSIVE;
				GCC_WARN_UNUSED_FUNCTION = YES;
				GCC_WARN_UNUSED_VARIABLE = YES;
				IPHONEOS_DEPLOYMENT_TARGET = 11.2;
				MTL_ENABLE_DEBUG_INFO = NO;
				SDKROOT = iphoneos;
				SWIFT_OPTIMIZATION_LEVEL = "-Owholemodule";
				VALIDATE_PRODUCT = YES;
			};
			name = Release;
		};
		29393D3220E3D546004EBEA6 /* Debug */ = {
			isa = XCBuildConfiguration;
			baseConfigurationReference = 29393D3520E3D5B2004EBEA6 /* MovieDB.debug.xcconfig */;
			buildSettings = {
				ASSETCATALOG_COMPILER_APPICON_NAME = AppIcon;
				CODE_SIGN_STYLE = Automatic;
				DEVELOPMENT_TEAM = FTUJTC2377;
				INFOPLIST_FILE = MovieDB/Info.plist;
				LD_RUNPATH_SEARCH_PATHS = "$(inherited) @executable_path/Frameworks";
				PRODUCT_BUNDLE_IDENTIFIER = shah.MovieDB;
				PRODUCT_NAME = "$(TARGET_NAME)";
				SWIFT_VERSION = 4.0;
				TARGETED_DEVICE_FAMILY = "1,2";
			};
			name = Debug;
		};
		29393D3320E3D546004EBEA6 /* Release */ = {
			isa = XCBuildConfiguration;
			baseConfigurationReference = 29393D3820E3D636004EBEA6 /* MovieDB.release.xcconfig */;
			buildSettings = {
				ASSETCATALOG_COMPILER_APPICON_NAME = AppIcon;
				CODE_SIGN_STYLE = Automatic;
				DEVELOPMENT_TEAM = FTUJTC2377;
				INFOPLIST_FILE = MovieDB/Info.plist;
				LD_RUNPATH_SEARCH_PATHS = "$(inherited) @executable_path/Frameworks";
				PRODUCT_BUNDLE_IDENTIFIER = shah.MovieDB;
				PRODUCT_NAME = "$(TARGET_NAME)";
				SWIFT_VERSION = 4.0;
				TARGETED_DEVICE_FAMILY = "1,2";
			};
			name = Release;
		};
/* End XCBuildConfiguration section */

/* Begin XCConfigurationList section */
		29393D1A20E3D546004EBEA6 /* Build configuration list for PBXProject "MovieDB" */ = {
			isa = XCConfigurationList;
			buildConfigurations = (
				29393D2F20E3D546004EBEA6 /* Debug */,
				29393D3020E3D546004EBEA6 /* Release */,
			);
			defaultConfigurationIsVisible = 0;
			defaultConfigurationName = Release;
		};
		29393D3120E3D546004EBEA6 /* Build configuration list for PBXNativeTarget "MovieDB" */ = {
			isa = XCConfigurationList;
			buildConfigurations = (
				29393D3220E3D546004EBEA6 /* Debug */,
				29393D3320E3D546004EBEA6 /* Release */,
			);
			defaultConfigurationIsVisible = 0;
			defaultConfigurationName = Release;
		};
/* End XCConfigurationList section */
	};
	rootObject = 29393D1720E3D546004EBEA6 /* Project object */;
}
